# THIS IS AN AUTOGENERATED FILE. DO NOT EDIT THIS FILE DIRECTLY.
# yarn lockfile v1


"@types/lodash@^4.14.71":
  version "4.14.71"
  resolved "https://registry.yarnpkg.com/@types/lodash/-/lodash-4.14.71.tgz#0dc383f78981216ac76e2f2c3afd998e0450e4c1"

"@types/node@*":
  version "8.0.19"
  resolved "https://registry.yarnpkg.com/@types/node/-/node-8.0.19.tgz#e46e2b0243de7d03f15b26b45c59ebb84f657a4e"

"@types/xml2js@^0.4.0":
  version "0.4.0"
  resolved "https://registry.yarnpkg.com/@types/xml2js/-/xml2js-0.4.0.tgz#e54a89a0055d5ed69305b2610f970909bf363e45"
  dependencies:
    "@types/node" "*"

lodash@^4.0.0, lodash@^4.17.4, lodash@^4.2.0:
  version "4.17.4"
  resolved "https://registry.yarnpkg.com/lodash/-/lodash-4.17.4.tgz#78203a4d1c328ae1d86dca6460e369b57f4055ae"

rxjs@^5.4.2:
  version "5.4.2"
  resolved "https://registry.yarnpkg.com/rxjs/-/rxjs-5.4.2.tgz#2a3236fcbf03df57bae06fd6972fd99e5c08fcf7"
  dependencies:
    symbol-observable "^1.0.1"

sax@>=0.6.0:
  version "1.2.4"
  resolved "https://registry.yarnpkg.com/sax/-/sax-1.2.4.tgz#2816234e2378bddc4e5354fab5caa895df7100d9"

symbol-observable@^1.0.1:
  version "1.0.4"
  resolved "https://registry.yarnpkg.com/symbol-observable/-/symbol-observable-1.0.4.tgz#29bf615d4aa7121bdd898b22d4b3f9bc4e2aa03d"

updeep@^1.0.0:
  version "1.0.0"
  resolved "https://registry.yarnpkg.com/updeep/-/updeep-1.0.0.tgz#e5f49d933308fb02730fd4f321cb3e36bf04b0f0"
  dependencies:
    lodash "^4.2.0"

xml2js@^0.4.17:
  version "0.4.17"
  resolved "https://registry.yarnpkg.com/xml2js/-/xml2js-0.4.17.tgz#17be93eaae3f3b779359c795b419705a8817e868"
  dependencies:
    sax ">=0.6.0"
    xmlbuilder "^4.1.0"

xmlbuilder@^4.1.0:
  version "4.2.1"
  resolved "https://registry.yarnpkg.com/xmlbuilder/-/xmlbuilder-4.2.1.tgz#aa58a3041a066f90eaa16c2f5389ff19f3f461a5"
  dependencies:
    lodash "^4.0.0"
